
Microsoft Visual Studio Solution File, Format Version 12.00
# Visual Studio Version 17
VisualStudioVersion = 17.12.35527.113
MinimumVisualStudioVersion = 10.0.40219.1
Project("{FAE04EC0-301F-11D3-BF4B-00C04F79EFBC}") = "AdventureWorks.Domain", "AdventureWorks.Domain\AdventureWorks.Domain.csproj", "{E4D1E136-91F0-46BF-95C5-ECCB8AEF1016}"
EndProject
Project("{FAE04EC0-301F-11D3-BF4B-00C04F79EFBC}") = "AdventureWorks.Application", "AdventureWorks.Application\AdventureWorks.Application.csproj", "{9A6960D0-ABDA-47D4-8A4B-62EDD12B3280}"
EndProject
Project("{FAE04EC0-301F-11D3-BF4B-00C04F79EFBC}") = "AdventureWorks.Infrastructure", "AdventureWorks.Infrastructure\AdventureWorks.Infrastructure.csproj", "{E97D0A47-E942-4C49-872B-06305456045F}"
EndProject
Project("{FAE04EC0-301F-11D3-BF4B-00C04F79EFBC}") = "AdventureWorks.API", "AdventureWorks.API\AdventureWorks.API.csproj", "{43568382-0E11-44DA-9990-48E6C1E91121}"
EndProject
Project("{2150E333-8FDC-42A3-9474-1A3956D46DE8}") = "test", "test", "{7C26516E-28A0-4EE8-8885-C1F37093379C}"
EndProject
Project("{FAE04EC0-301F-11D3-BF4B-00C04F79EFBC}") = "AdventureWorks.Domain.UnitTests", "test\AdventureWorks.Domain.UnitTests\AdventureWorks.Domain.UnitTests.csproj", "{10084795-B960-4524-B170-7177F881305C}"
EndProject
Project("{FAE04EC0-301F-11D3-BF4B-00C04F79EFBC}") = "AdventureWorks.Application.UnitTests", "test\AdventureWorks.Application.UnitTests\AdventureWorks.Application.UnitTests.csproj", "{7EB73E2B-5715-43CA-84E9-98692C5B65F9}"
EndProject
Project("{2150E333-8FDC-42A3-9474-1A3956D46DE8}") = "Solution Items", "Solution Items", "{FCA6B315-FF3E-42D6-A9F9-CACCF55EDF31}"
	ProjectSection(SolutionItems) = preProject
		.editorconfig = .editorconfig
	EndProjectSection
EndProject
Project("{FAE04EC0-301F-11D3-BF4B-00C04F79EFBC}") = "AdventureWorks.Shared", "AdventureWorks.Shared\AdventureWorks.Shared.csproj", "{9D49E4BD-E5CF-4671-AE0C-1D5287910EBE}"
EndProject
Global
	GlobalSection(SolutionConfigurationPlatforms) = preSolution
		Debug|Any CPU = Debug|Any CPU
		Release|Any CPU = Release|Any CPU
	EndGlobalSection
	GlobalSection(ProjectConfigurationPlatforms) = postSolution
		{E4D1E136-91F0-46BF-95C5-ECCB8AEF1016}.Debug|Any CPU.ActiveCfg = Debug|Any CPU
		{E4D1E136-91F0-46BF-95C5-ECCB8AEF1016}.Debug|Any CPU.Build.0 = Debug|Any CPU
		{E4D1E136-91F0-46BF-95C5-ECCB8AEF1016}.Release|Any CPU.ActiveCfg = Release|Any CPU
		{E4D1E136-91F0-46BF-95C5-ECCB8AEF1016}.Release|Any CPU.Build.0 = Release|Any CPU
		{9A6960D0-ABDA-47D4-8A4B-62EDD12B3280}.Debug|Any CPU.ActiveCfg = Debug|Any CPU
		{9A6960D0-ABDA-47D4-8A4B-62EDD12B3280}.Debug|Any CPU.Build.0 = Debug|Any CPU
		{9A6960D0-ABDA-47D4-8A4B-62EDD12B3280}.Release|Any CPU.ActiveCfg = Release|Any CPU
		{9A6960D0-ABDA-47D4-8A4B-62EDD12B3280}.Release|Any CPU.Build.0 = Release|Any CPU
		{E97D0A47-E942-4C49-872B-06305456045F}.Debug|Any CPU.ActiveCfg = Debug|Any CPU
		{E97D0A47-E942-4C49-872B-06305456045F}.Debug|Any CPU.Build.0 = Debug|Any CPU
		{E97D0A47-E942-4C49-872B-06305456045F}.Release|Any CPU.ActiveCfg = Release|Any CPU
		{E97D0A47-E942-4C49-872B-06305456045F}.Release|Any CPU.Build.0 = Release|Any CPU
		{43568382-0E11-44DA-9990-48E6C1E91121}.Debug|Any CPU.ActiveCfg = Debug|Any CPU
		{43568382-0E11-44DA-9990-48E6C1E91121}.Debug|Any CPU.Build.0 = Debug|Any CPU
		{43568382-0E11-44DA-9990-48E6C1E91121}.Release|Any CPU.ActiveCfg = Release|Any CPU
		{43568382-0E11-44DA-9990-48E6C1E91121}.Release|Any CPU.Build.0 = Release|Any CPU
		{10084795-B960-4524-B170-7177F881305C}.Debug|Any CPU.ActiveCfg = Debug|Any CPU
		{10084795-B960-4524-B170-7177F881305C}.Debug|Any CPU.Build.0 = Debug|Any CPU
		{10084795-B960-4524-B170-7177F881305C}.Release|Any CPU.ActiveCfg = Release|Any CPU
		{10084795-B960-4524-B170-7177F881305C}.Release|Any CPU.Build.0 = Release|Any CPU
		{7EB73E2B-5715-43CA-84E9-98692C5B65F9}.Debug|Any CPU.ActiveCfg = Debug|Any CPU
		{7EB73E2B-5715-43CA-84E9-98692C5B65F9}.Debug|Any CPU.Build.0 = Debug|Any CPU
		{7EB73E2B-5715-43CA-84E9-98692C5B65F9}.Release|Any CPU.ActiveCfg = Release|Any CPU
		{7EB73E2B-5715-43CA-84E9-98692C5B65F9}.Release|Any CPU.Build.0 = Release|Any CPU
		{9D49E4BD-E5CF-4671-AE0C-1D5287910EBE}.Debug|Any CPU.ActiveCfg = Debug|Any CPU
		{9D49E4BD-E5CF-4671-AE0C-1D5287910EBE}.Debug|Any CPU.Build.0 = Debug|Any CPU
		{9D49E4BD-E5CF-4671-AE0C-1D5287910EBE}.Release|Any CPU.ActiveCfg = Release|Any CPU
		{9D49E4BD-E5CF-4671-AE0C-1D5287910EBE}.Release|Any CPU.Build.0 = Release|Any CPU
	EndGlobalSection
	GlobalSection(SolutionProperties) = preSolution
		HideSolutionNode = FALSE
	EndGlobalSection
	GlobalSection(NestedProjects) = preSolution
		{10084795-B960-4524-B170-7177F881305C} = {7C26516E-28A0-4EE8-8885-C1F37093379C}
		{7EB73E2B-5715-43CA-84E9-98692C5B65F9} = {7C26516E-28A0-4EE8-8885-C1F37093379C}
	EndGlobalSection
EndGlobal
